
Microsoft Visual Studio Solution File, Format Version 12.00
# Visual Studio Version 16
VisualStudioVersion = 16.0.31424.327
MinimumVisualStudioVersion = 10.0.40219.1
Project("{FAE04EC0-301F-11D3-BF4B-00C04F79EFBC}") = "Online24X7_Project", "Online24X7_Project.csproj", "{02DC9206-F494-408C-893B-B5EAE19EA816}"
EndProject
Global
	GlobalSection(SolutionConfigurationPlatforms) = preSolution
		Debug|Any CPU = Debug|Any CPU
		Release|Any CPU = Release|Any CPU
	EndGlobalSection
	GlobalSection(ProjectConfigurationPlatforms) = postSolution
		{02DC9206-F494-408C-893B-B5EAE19EA816}.Debug|Any CPU.ActiveCfg = Debug|Any CPU
		{02DC9206-F494-408C-893B-B5EAE19EA816}.Debug|Any CPU.Build.0 = Debug|Any CPU
		{02DC9206-F494-408C-893B-B5EAE19EA816}.Release|Any CPU.ActiveCfg = Release|Any CPU
		{02DC9206-F494-408C-893B-B5EAE19EA816}.Release|Any CPU.Build.0 = Release|Any CPU
	EndGlobalSection
	GlobalSection(SolutionProperties) = preSolution
		HideSolutionNode = FALSE
	EndGlobalSection
	GlobalSection(ExtensibilityGlobals) = postSolution
		SolutionGuid = {39F3DED3-13D3-41DC-B45D-31652594B040}
	EndGlobalSection
EndGlobal
